
Microsoft Visual Studio Solution File, Format Version 12.00
# Visual Studio Version 17
VisualStudioVersion = 17.4.33122.133
MinimumVisualStudioVersion = 10.0.40219.1
Project("{8BC9CEB8-8B4A-11D0-8D11-00A0C91BC942}") = "Ekz3", "Ekz3.vcxproj", "{93EA0248-E397-4C41-A8B8-B375B116C187}"
EndProject
Global
	GlobalSection(SolutionConfigurationPlatforms) = preSolution
		Debug|x64 = Debug|x64
		Debug|x86 = Debug|x86
		Release|x64 = Release|x64
		Release|x86 = Release|x86
	EndGlobalSection
	GlobalSection(ProjectConfigurationPlatforms) = postSolution
		{93EA0248-E397-4C41-A8B8-B375B116C187}.Debug|x64.ActiveCfg = Debug|x64
		{93EA0248-E397-4C41-A8B8-B375B116C187}.Debug|x64.Build.0 = Debug|x64
		{93EA0248-E397-4C41-A8B8-B375B116C187}.Debug|x86.ActiveCfg = Debug|Win32
		{93EA0248-E397-4C41-A8B8-B375B116C187}.Debug|x86.Build.0 = Debug|Win32
		{93EA0248-E397-4C41-A8B8-B375B116C187}.Release|x64.ActiveCfg = Release|x64
		{93EA0248-E397-4C41-A8B8-B375B116C187}.Release|x64.Build.0 = Release|x64
		{93EA0248-E397-4C41-A8B8-B375B116C187}.Release|x86.ActiveCfg = Release|Win32
		{93EA0248-E397-4C41-A8B8-B375B116C187}.Release|x86.Build.0 = Release|Win32
	EndGlobalSection
	GlobalSection(SolutionProperties) = preSolution
		HideSolutionNode = FALSE
	EndGlobalSection
	GlobalSection(ExtensibilityGlobals) = postSolution
		SolutionGuid = {DE92CBE7-1517-495C-BD05-8CEA6C74AA56}
	EndGlobalSection
EndGlobal
