
Microsoft Visual Studio Solution File, Format Version 12.00
# Visual Studio Version 17
VisualStudioVersion = 17.6.33723.286
MinimumVisualStudioVersion = 10.0.40219.1
Project("{8BC9CEB8-8B4A-11D0-8D11-00A0C91BC942}") = "task1", "task1\task1.vcxproj", "{362090DF-8222-44DF-84BB-CDC96BFF8522}"
EndProject
Project("{8BC9CEB8-8B4A-11D0-8D11-00A0C91BC942}") = "StackSwap", "StackSwap\StackSwap.vcxproj", "{34EAA47D-1E27-4B1C-A284-96157B154DB3}"
EndProject
Project("{8BC9CEB8-8B4A-11D0-8D11-00A0C91BC942}") = "task2", "task2\task2.vcxproj", "{41A19EE5-AD69-4584-A566-E234C6F4784B}"
EndProject
Project("{8BC9CEB8-8B4A-11D0-8D11-00A0C91BC942}") = "task4", "task4\task4.vcxproj", "{CC0F91D7-86F5-48EA-8CD2-C8ED5F7F3E04}"
EndProject
Project("{8BC9CEB8-8B4A-11D0-8D11-00A0C91BC942}") = "task5", "task5\task5.vcxproj", "{F578B638-2193-414E-A7A7-DC34BAC7FA22}"
EndProject
Project("{8BC9CEB8-8B4A-11D0-8D11-00A0C91BC942}") = "task6", "task6\task6.vcxproj", "{877C0AA4-0AC3-4A0B-AEA0-57BF643C0C1A}"
EndProject
Project("{8BC9CEB8-8B4A-11D0-8D11-00A0C91BC942}") = "task7", "task7\task7.vcxproj", "{90490219-1972-4FC3-A87B-B54BAD3803DF}"
EndProject
Project("{8BC9CEB8-8B4A-11D0-8D11-00A0C91BC942}") = "task8", "task8\task8.vcxproj", "{8CEFC7AB-5278-4D0F-974F-198BC9242067}"
EndProject
Project("{8BC9CEB8-8B4A-11D0-8D11-00A0C91BC942}") = "task9", "task9\task9.vcxproj", "{FB0A0DDA-F6FA-4903-870B-7FC87AAC502B}"
EndProject
Project("{8BC9CEB8-8B4A-11D0-8D11-00A0C91BC942}") = "task10", "task10\task10.vcxproj", "{CD4A27D7-C14B-4D25-8952-963E2DC9E5F0}"
EndProject
Project("{8BC9CEB8-8B4A-11D0-8D11-00A0C91BC942}") = "task11", "task11\task11.vcxproj", "{E06D5465-4DA9-435F-A64D-99315FCA0870}"
EndProject
Project("{8BC9CEB8-8B4A-11D0-8D11-00A0C91BC942}") = "task12", "task12\task12.vcxproj", "{FE3E21E4-933F-4D46-BCB2-052BC977C93F}"
EndProject
Project("{8BC9CEB8-8B4A-11D0-8D11-00A0C91BC942}") = "task13", "task13\task13.vcxproj", "{E2D0708B-B846-4EFC-A9D7-47E27E2AF555}"
EndProject
Project("{8BC9CEB8-8B4A-11D0-8D11-00A0C91BC942}") = "task14", "task14\task14.vcxproj", "{FF13F074-3F37-4029-9DCE-6E3861BC46ED}"
EndProject
Project("{8BC9CEB8-8B4A-11D0-8D11-00A0C91BC942}") = "task15", "task15\task15.vcxproj", "{01643727-B7D4-43BB-91AD-19F2176E636B}"
EndProject
Project("{8BC9CEB8-8B4A-11D0-8D11-00A0C91BC942}") = "task16", "task16\task16.vcxproj", "{95C9C0E7-9BAF-45C5-A7CC-710D10936A0F}"
EndProject
Project("{8BC9CEB8-8B4A-11D0-8D11-00A0C91BC942}") = "task17", "task17\task17.vcxproj", "{41DF1B10-E772-490B-9477-22C07DD292B4}"
EndProject
Project("{8BC9CEB8-8B4A-11D0-8D11-00A0C91BC942}") = "task18", "task18\task18.vcxproj", "{44973E1C-650B-4A25-B764-F3FAD8AAFA09}"
EndProject
Project("{8BC9CEB8-8B4A-11D0-8D11-00A0C91BC942}") = "task19", "task19\task19.vcxproj", "{A75B686A-3047-4171-B219-A71B49BA5D1C}"
EndProject
Project("{8BC9CEB8-8B4A-11D0-8D11-00A0C91BC942}") = "task20", "task20\task20.vcxproj", "{083CBE69-666F-4816-AC0E-E1F57E82D241}"
EndProject
Project("{8BC9CEB8-8B4A-11D0-8D11-00A0C91BC942}") = "task21", "task21\task21.vcxproj", "{2B0283EA-12B5-4C67-BFC3-C05E39425661}"
EndProject
Project("{8BC9CEB8-8B4A-11D0-8D11-00A0C91BC942}") = "task22", "task22\task22.vcxproj", "{D112EA89-4813-4A02-8889-3615E1CE66D5}"
EndProject
Project("{8BC9CEB8-8B4A-11D0-8D11-00A0C91BC942}") = "task3", "task3\task3.vcxproj", "{C51E5AD5-023C-4883-BFC9-F628EF53EA5E}"
EndProject
Project("{8BC9CEB8-8B4A-11D0-8D11-00A0C91BC942}") = "task23", "task23\task23.vcxproj", "{280194E8-B6C6-4311-8643-A6E78A6841FF}"
EndProject
Project("{8BC9CEB8-8B4A-11D0-8D11-00A0C91BC942}") = "task24", "task24\task24.vcxproj", "{B6BC2E74-63C4-4162-AFA8-E913EDC214BF}"
EndProject
Project("{8BC9CEB8-8B4A-11D0-8D11-00A0C91BC942}") = "task25", "task25\task25.vcxproj", "{B2E6DDF2-783A-4138-BFC4-094C8B258B2D}"
EndProject
Project("{8BC9CEB8-8B4A-11D0-8D11-00A0C91BC942}") = "task26", "task26\task26.vcxproj", "{347C3709-8BD5-4BCA-BB07-73BF700FCA4D}"
EndProject
Project("{8BC9CEB8-8B4A-11D0-8D11-00A0C91BC942}") = "task27", "task27\task27.vcxproj", "{53D862AB-1E40-4D8A-8C47-52C8BC67EE60}"
EndProject
Project("{8BC9CEB8-8B4A-11D0-8D11-00A0C91BC942}") = "Tree", "Tree\Tree.vcxproj", "{DDD3C94A-0696-4326-BA97-ADB5C79FACCD}"
EndProject
Project("{8BC9CEB8-8B4A-11D0-8D11-00A0C91BC942}") = "Sort", "Sort\Sort.vcxproj", "{22A20D6A-F0D3-41A6-A5EA-8ED2158FE7FB}"
EndProject
Project("{8BC9CEB8-8B4A-11D0-8D11-00A0C91BC942}") = "Poisk", "Poisk\Poisk.vcxproj", "{E349AF65-76A9-44FA-AC2C-5284BEFAA17B}"
EndProject
Project("{8BC9CEB8-8B4A-11D0-8D11-00A0C91BC942}") = "DoubleList", "DoubleList\DoubleList.vcxproj", "{BB8E9DCC-EABF-4FD0-AE7C-52F075645523}"
EndProject
Global
	GlobalSection(SolutionConfigurationPlatforms) = preSolution
		Debug|x64 = Debug|x64
		Debug|x86 = Debug|x86
		Release|x64 = Release|x64
		Release|x86 = Release|x86
	EndGlobalSection
	GlobalSection(ProjectConfigurationPlatforms) = postSolution
		{362090DF-8222-44DF-84BB-CDC96BFF8522}.Debug|x64.ActiveCfg = Debug|x64
		{362090DF-8222-44DF-84BB-CDC96BFF8522}.Debug|x64.Build.0 = Debug|x64
		{362090DF-8222-44DF-84BB-CDC96BFF8522}.Debug|x86.ActiveCfg = Debug|Win32
		{362090DF-8222-44DF-84BB-CDC96BFF8522}.Debug|x86.Build.0 = Debug|Win32
		{362090DF-8222-44DF-84BB-CDC96BFF8522}.Release|x64.ActiveCfg = Release|x64
		{362090DF-8222-44DF-84BB-CDC96BFF8522}.Release|x64.Build.0 = Release|x64
		{362090DF-8222-44DF-84BB-CDC96BFF8522}.Release|x86.ActiveCfg = Release|Win32
		{362090DF-8222-44DF-84BB-CDC96BFF8522}.Release|x86.Build.0 = Release|Win32
		{34EAA47D-1E27-4B1C-A284-96157B154DB3}.Debug|x64.ActiveCfg = Debug|x64
		{34EAA47D-1E27-4B1C-A284-96157B154DB3}.Debug|x64.Build.0 = Debug|x64
		{34EAA47D-1E27-4B1C-A284-96157B154DB3}.Debug|x86.ActiveCfg = Debug|Win32
		{34EAA47D-1E27-4B1C-A284-96157B154DB3}.Debug|x86.Build.0 = Debug|Win32
		{34EAA47D-1E27-4B1C-A284-96157B154DB3}.Release|x64.ActiveCfg = Release|x64
		{34EAA47D-1E27-4B1C-A284-96157B154DB3}.Release|x64.Build.0 = Release|x64
		{34EAA47D-1E27-4B1C-A284-96157B154DB3}.Release|x86.ActiveCfg = Release|Win32
		{34EAA47D-1E27-4B1C-A284-96157B154DB3}.Release|x86.Build.0 = Release|Win32
		{41A19EE5-AD69-4584-A566-E234C6F4784B}.Debug|x64.ActiveCfg = Debug|x64
		{41A19EE5-AD69-4584-A566-E234C6F4784B}.Debug|x64.Build.0 = Debug|x64
		{41A19EE5-AD69-4584-A566-E234C6F4784B}.Debug|x86.ActiveCfg = Debug|Win32
		{41A19EE5-AD69-4584-A566-E234C6F4784B}.Debug|x86.Build.0 = Debug|Win32
		{41A19EE5-AD69-4584-A566-E234C6F4784B}.Release|x64.ActiveCfg = Release|x64
		{41A19EE5-AD69-4584-A566-E234C6F4784B}.Release|x64.Build.0 = Release|x64
		{41A19EE5-AD69-4584-A566-E234C6F4784B}.Release|x86.ActiveCfg = Release|Win32
		{41A19EE5-AD69-4584-A566-E234C6F4784B}.Release|x86.Build.0 = Release|Win32
		{CC0F91D7-86F5-48EA-8CD2-C8ED5F7F3E04}.Debug|x64.ActiveCfg = Debug|x64
		{CC0F91D7-86F5-48EA-8CD2-C8ED5F7F3E04}.Debug|x64.Build.0 = Debug|x64
		{CC0F91D7-86F5-48EA-8CD2-C8ED5F7F3E04}.Debug|x86.ActiveCfg = Debug|Win32
		{CC0F91D7-86F5-48EA-8CD2-C8ED5F7F3E04}.Debug|x86.Build.0 = Debug|Win32
		{CC0F91D7-86F5-48EA-8CD2-C8ED5F7F3E04}.Release|x64.ActiveCfg = Release|x64
		{CC0F91D7-86F5-48EA-8CD2-C8ED5F7F3E04}.Release|x64.Build.0 = Release|x64
		{CC0F91D7-86F5-48EA-8CD2-C8ED5F7F3E04}.Release|x86.ActiveCfg = Release|Win32
		{CC0F91D7-86F5-48EA-8CD2-C8ED5F7F3E04}.Release|x86.Build.0 = Release|Win32
		{F578B638-2193-414E-A7A7-DC34BAC7FA22}.Debug|x64.ActiveCfg = Debug|x64
		{F578B638-2193-414E-A7A7-DC34BAC7FA22}.Debug|x64.Build.0 = Debug|x64
		{F578B638-2193-414E-A7A7-DC34BAC7FA22}.Debug|x86.ActiveCfg = Debug|Win32
		{F578B638-2193-414E-A7A7-DC34BAC7FA22}.Debug|x86.Build.0 = Debug|Win32
		{F578B638-2193-414E-A7A7-DC34BAC7FA22}.Release|x64.ActiveCfg = Release|x64
		{F578B638-2193-414E-A7A7-DC34BAC7FA22}.Release|x64.Build.0 = Release|x64
		{F578B638-2193-414E-A7A7-DC34BAC7FA22}.Release|x86.ActiveCfg = Release|Win32
		{F578B638-2193-414E-A7A7-DC34BAC7FA22}.Release|x86.Build.0 = Release|Win32
		{877C0AA4-0AC3-4A0B-AEA0-57BF643C0C1A}.Debug|x64.ActiveCfg = Debug|x64
		{877C0AA4-0AC3-4A0B-AEA0-57BF643C0C1A}.Debug|x64.Build.0 = Debug|x64
		{877C0AA4-0AC3-4A0B-AEA0-57BF643C0C1A}.Debug|x86.ActiveCfg = Debug|Win32
		{877C0AA4-0AC3-4A0B-AEA0-57BF643C0C1A}.Debug|x86.Build.0 = Debug|Win32
		{877C0AA4-0AC3-4A0B-AEA0-57BF643C0C1A}.Release|x64.ActiveCfg = Release|x64
		{877C0AA4-0AC3-4A0B-AEA0-57BF643C0C1A}.Release|x64.Build.0 = Release|x64
		{877C0AA4-0AC3-4A0B-AEA0-57BF643C0C1A}.Release|x86.ActiveCfg = Release|Win32
		{877C0AA4-0AC3-4A0B-AEA0-57BF643C0C1A}.Release|x86.Build.0 = Release|Win32
		{90490219-1972-4FC3-A87B-B54BAD3803DF}.Debug|x64.ActiveCfg = Debug|x64
		{90490219-1972-4FC3-A87B-B54BAD3803DF}.Debug|x64.Build.0 = Debug|x64
		{90490219-1972-4FC3-A87B-B54BAD3803DF}.Debug|x86.ActiveCfg = Debug|Win32
		{90490219-1972-4FC3-A87B-B54BAD3803DF}.Debug|x86.Build.0 = Debug|Win32
		{90490219-1972-4FC3-A87B-B54BAD3803DF}.Release|x64.ActiveCfg = Release|x64
		{90490219-1972-4FC3-A87B-B54BAD3803DF}.Release|x64.Build.0 = Release|x64
		{90490219-1972-4FC3-A87B-B54BAD3803DF}.Release|x86.ActiveCfg = Release|Win32
		{90490219-1972-4FC3-A87B-B54BAD3803DF}.Release|x86.Build.0 = Release|Win32
		{8CEFC7AB-5278-4D0F-974F-198BC9242067}.Debug|x64.ActiveCfg = Debug|x64
		{8CEFC7AB-5278-4D0F-974F-198BC9242067}.Debug|x64.Build.0 = Debug|x64
		{8CEFC7AB-5278-4D0F-974F-198BC9242067}.Debug|x86.ActiveCfg = Debug|Win32
		{8CEFC7AB-5278-4D0F-974F-198BC9242067}.Debug|x86.Build.0 = Debug|Win32
		{8CEFC7AB-5278-4D0F-974F-198BC9242067}.Release|x64.ActiveCfg = Release|x64
		{8CEFC7AB-5278-4D0F-974F-198BC9242067}.Release|x64.Build.0 = Release|x64
		{8CEFC7AB-5278-4D0F-974F-198BC9242067}.Release|x86.ActiveCfg = Release|Win32
		{8CEFC7AB-5278-4D0F-974F-198BC9242067}.Release|x86.Build.0 = Release|Win32
		{FB0A0DDA-F6FA-4903-870B-7FC87AAC502B}.Debug|x64.ActiveCfg = Debug|x64
		{FB0A0DDA-F6FA-4903-870B-7FC87AAC502B}.Debug|x64.Build.0 = Debug|x64
		{FB0A0DDA-F6FA-4903-870B-7FC87AAC502B}.Debug|x86.ActiveCfg = Debug|Win32
		{FB0A0DDA-F6FA-4903-870B-7FC87AAC502B}.Debug|x86.Build.0 = Debug|Win32
		{FB0A0DDA-F6FA-4903-870B-7FC87AAC502B}.Release|x64.ActiveCfg = Release|x64
		{FB0A0DDA-F6FA-4903-870B-7FC87AAC502B}.Release|x64.Build.0 = Release|x64
		{FB0A0DDA-F6FA-4903-870B-7FC87AAC502B}.Release|x86.ActiveCfg = Release|Win32
		{FB0A0DDA-F6FA-4903-870B-7FC87AAC502B}.Release|x86.Build.0 = Release|Win32
		{CD4A27D7-C14B-4D25-8952-963E2DC9E5F0}.Debug|x64.ActiveCfg = Debug|x64
		{CD4A27D7-C14B-4D25-8952-963E2DC9E5F0}.Debug|x64.Build.0 = Debug|x64
		{CD4A27D7-C14B-4D25-8952-963E2DC9E5F0}.Debug|x86.ActiveCfg = Debug|Win32
		{CD4A27D7-C14B-4D25-8952-963E2DC9E5F0}.Debug|x86.Build.0 = Debug|Win32
		{CD4A27D7-C14B-4D25-8952-963E2DC9E5F0}.Release|x64.ActiveCfg = Release|x64
		{CD4A27D7-C14B-4D25-8952-963E2DC9E5F0}.Release|x64.Build.0 = Release|x64
		{CD4A27D7-C14B-4D25-8952-963E2DC9E5F0}.Release|x86.ActiveCfg = Release|Win32
		{CD4A27D7-C14B-4D25-8952-963E2DC9E5F0}.Release|x86.Build.0 = Release|Win32
		{E06D5465-4DA9-435F-A64D-99315FCA0870}.Debug|x64.ActiveCfg = Debug|x64
		{E06D5465-4DA9-435F-A64D-99315FCA0870}.Debug|x64.Build.0 = Debug|x64
		{E06D5465-4DA9-435F-A64D-99315FCA0870}.Debug|x86.ActiveCfg = Debug|Win32
		{E06D5465-4DA9-435F-A64D-99315FCA0870}.Debug|x86.Build.0 = Debug|Win32
		{E06D5465-4DA9-435F-A64D-99315FCA0870}.Release|x64.ActiveCfg = Release|x64
		{E06D5465-4DA9-435F-A64D-99315FCA0870}.Release|x64.Build.0 = Release|x64
		{E06D5465-4DA9-435F-A64D-99315FCA0870}.Release|x86.ActiveCfg = Release|Win32
		{E06D5465-4DA9-435F-A64D-99315FCA0870}.Release|x86.Build.0 = Release|Win32
		{FE3E21E4-933F-4D46-BCB2-052BC977C93F}.Debug|x64.ActiveCfg = Debug|x64
		{FE3E21E4-933F-4D46-BCB2-052BC977C93F}.Debug|x64.Build.0 = Debug|x64
		{FE3E21E4-933F-4D46-BCB2-052BC977C93F}.Debug|x86.ActiveCfg = Debug|Win32
		{FE3E21E4-933F-4D46-BCB2-052BC977C93F}.Debug|x86.Build.0 = Debug|Win32
		{FE3E21E4-933F-4D46-BCB2-052BC977C93F}.Release|x64.ActiveCfg = Release|x64
		{FE3E21E4-933F-4D46-BCB2-052BC977C93F}.Release|x64.Build.0 = Release|x64
		{FE3E21E4-933F-4D46-BCB2-052BC977C93F}.Release|x86.ActiveCfg = Release|Win32
		{FE3E21E4-933F-4D46-BCB2-052BC977C93F}.Release|x86.Build.0 = Release|Win32
		{E2D0708B-B846-4EFC-A9D7-47E27E2AF555}.Debug|x64.ActiveCfg = Debug|x64
		{E2D0708B-B846-4EFC-A9D7-47E27E2AF555}.Debug|x64.Build.0 = Debug|x64
		{E2D0708B-B846-4EFC-A9D7-47E27E2AF555}.Debug|x86.ActiveCfg = Debug|Win32
		{E2D0708B-B846-4EFC-A9D7-47E27E2AF555}.Debug|x86.Build.0 = Debug|Win32
		{E2D0708B-B846-4EFC-A9D7-47E27E2AF555}.Release|x64.ActiveCfg = Release|x64
		{E2D0708B-B846-4EFC-A9D7-47E27E2AF555}.Release|x64.Build.0 = Release|x64
		{E2D0708B-B846-4EFC-A9D7-47E27E2AF555}.Release|x86.ActiveCfg = Release|Win32
		{E2D0708B-B846-4EFC-A9D7-47E27E2AF555}.Release|x86.Build.0 = Release|Win32
		{FF13F074-3F37-4029-9DCE-6E3861BC46ED}.Debug|x64.ActiveCfg = Debug|x64
		{FF13F074-3F37-4029-9DCE-6E3861BC46ED}.Debug|x64.Build.0 = Debug|x64
		{FF13F074-3F37-4029-9DCE-6E3861BC46ED}.Debug|x86.ActiveCfg = Debug|Win32
		{FF13F074-3F37-4029-9DCE-6E3861BC46ED}.Debug|x86.Build.0 = Debug|Win32
		{FF13F074-3F37-4029-9DCE-6E3861BC46ED}.Release|x64.ActiveCfg = Release|x64
		{FF13F074-3F37-4029-9DCE-6E3861BC46ED}.Release|x64.Build.0 = Release|x64
		{FF13F074-3F37-4029-9DCE-6E3861BC46ED}.Release|x86.ActiveCfg = Release|Win32
		{FF13F074-3F37-4029-9DCE-6E3861BC46ED}.Release|x86.Build.0 = Release|Win32
		{01643727-B7D4-43BB-91AD-19F2176E636B}.Debug|x64.ActiveCfg = Debug|x64
		{01643727-B7D4-43BB-91AD-19F2176E636B}.Debug|x64.Build.0 = Debug|x64
		{01643727-B7D4-43BB-91AD-19F2176E636B}.Debug|x86.ActiveCfg = Debug|Win32
		{01643727-B7D4-43BB-91AD-19F2176E636B}.Debug|x86.Build.0 = Debug|Win32
		{01643727-B7D4-43BB-91AD-19F2176E636B}.Release|x64.ActiveCfg = Release|x64
		{01643727-B7D4-43BB-91AD-19F2176E636B}.Release|x64.Build.0 = Release|x64
		{01643727-B7D4-43BB-91AD-19F2176E636B}.Release|x86.ActiveCfg = Release|Win32
		{01643727-B7D4-43BB-91AD-19F2176E636B}.Release|x86.Build.0 = Release|Win32
		{95C9C0E7-9BAF-45C5-A7CC-710D10936A0F}.Debug|x64.ActiveCfg = Debug|x64
		{95C9C0E7-9BAF-45C5-A7CC-710D10936A0F}.Debug|x64.Build.0 = Debug|x64
		{95C9C0E7-9BAF-45C5-A7CC-710D10936A0F}.Debug|x86.ActiveCfg = Debug|Win32
		{95C9C0E7-9BAF-45C5-A7CC-710D10936A0F}.Debug|x86.Build.0 = Debug|Win32
		{95C9C0E7-9BAF-45C5-A7CC-710D10936A0F}.Release|x64.ActiveCfg = Release|x64
		{95C9C0E7-9BAF-45C5-A7CC-710D10936A0F}.Release|x64.Build.0 = Release|x64
		{95C9C0E7-9BAF-45C5-A7CC-710D10936A0F}.Release|x86.ActiveCfg = Release|Win32
		{95C9C0E7-9BAF-45C5-A7CC-710D10936A0F}.Release|x86.Build.0 = Release|Win32
		{41DF1B10-E772-490B-9477-22C07DD292B4}.Debug|x64.ActiveCfg = Debug|x64
		{41DF1B10-E772-490B-9477-22C07DD292B4}.Debug|x64.Build.0 = Debug|x64
		{41DF1B10-E772-490B-9477-22C07DD292B4}.Debug|x86.ActiveCfg = Debug|Win32
		{41DF1B10-E772-490B-9477-22C07DD292B4}.Debug|x86.Build.0 = Debug|Win32
		{41DF1B10-E772-490B-9477-22C07DD292B4}.Release|x64.ActiveCfg = Release|x64
		{41DF1B10-E772-490B-9477-22C07DD292B4}.Release|x64.Build.0 = Release|x64
		{41DF1B10-E772-490B-9477-22C07DD292B4}.Release|x86.ActiveCfg = Release|Win32
		{41DF1B10-E772-490B-9477-22C07DD292B4}.Release|x86.Build.0 = Release|Win32
		{44973E1C-650B-4A25-B764-F3FAD8AAFA09}.Debug|x64.ActiveCfg = Debug|x64
		{44973E1C-650B-4A25-B764-F3FAD8AAFA09}.Debug|x64.Build.0 = Debug|x64
		{44973E1C-650B-4A25-B764-F3FAD8AAFA09}.Debug|x86.ActiveCfg = Debug|Win32
		{44973E1C-650B-4A25-B764-F3FAD8AAFA09}.Debug|x86.Build.0 = Debug|Win32
		{44973E1C-650B-4A25-B764-F3FAD8AAFA09}.Release|x64.ActiveCfg = Release|x64
		{44973E1C-650B-4A25-B764-F3FAD8AAFA09}.Release|x64.Build.0 = Release|x64
		{44973E1C-650B-4A25-B764-F3FAD8AAFA09}.Release|x86.ActiveCfg = Release|Win32
		{44973E1C-650B-4A25-B764-F3FAD8AAFA09}.Release|x86.Build.0 = Release|Win32
		{A75B686A-3047-4171-B219-A71B49BA5D1C}.Debug|x64.ActiveCfg = Debug|x64
		{A75B686A-3047-4171-B219-A71B49BA5D1C}.Debug|x64.Build.0 = Debug|x64
		{A75B686A-3047-4171-B219-A71B49BA5D1C}.Debug|x86.ActiveCfg = Debug|Win32
		{A75B686A-3047-4171-B219-A71B49BA5D1C}.Debug|x86.Build.0 = Debug|Win32
		{A75B686A-3047-4171-B219-A71B49BA5D1C}.Release|x64.ActiveCfg = Release|x64
		{A75B686A-3047-4171-B219-A71B49BA5D1C}.Release|x64.Build.0 = Release|x64
		{A75B686A-3047-4171-B219-A71B49BA5D1C}.Release|x86.ActiveCfg = Release|Win32
		{A75B686A-3047-4171-B219-A71B49BA5D1C}.Release|x86.Build.0 = Release|Win32
		{083CBE69-666F-4816-AC0E-E1F57E82D241}.Debug|x64.ActiveCfg = Debug|x64
		{083CBE69-666F-4816-AC0E-E1F57E82D241}.Debug|x64.Build.0 = Debug|x64
		{083CBE69-666F-4816-AC0E-E1F57E82D241}.Debug|x86.ActiveCfg = Debug|Win32
		{083CBE69-666F-4816-AC0E-E1F57E82D241}.Debug|x86.Build.0 = Debug|Win32
		{083CBE69-666F-4816-AC0E-E1F57E82D241}.Release|x64.ActiveCfg = Release|x64
		{083CBE69-666F-4816-AC0E-E1F57E82D241}.Release|x64.Build.0 = Release|x64
		{083CBE69-666F-4816-AC0E-E1F57E82D241}.Release|x86.ActiveCfg = Release|Win32
		{083CBE69-666F-4816-AC0E-E1F57E82D241}.Release|x86.Build.0 = Release|Win32
		{2B0283EA-12B5-4C67-BFC3-C05E39425661}.Debug|x64.ActiveCfg = Debug|x64
		{2B0283EA-12B5-4C67-BFC3-C05E39425661}.Debug|x64.Build.0 = Debug|x64
		{2B0283EA-12B5-4C67-BFC3-C05E39425661}.Debug|x86.ActiveCfg = Debug|Win32
		{2B0283EA-12B5-4C67-BFC3-C05E39425661}.Debug|x86.Build.0 = Debug|Win32
		{2B0283EA-12B5-4C67-BFC3-C05E39425661}.Release|x64.ActiveCfg = Release|x64
		{2B0283EA-12B5-4C67-BFC3-C05E39425661}.Release|x64.Build.0 = Release|x64
		{2B0283EA-12B5-4C67-BFC3-C05E39425661}.Release|x86.ActiveCfg = Release|Win32
		{2B0283EA-12B5-4C67-BFC3-C05E39425661}.Release|x86.Build.0 = Release|Win32
		{D112EA89-4813-4A02-8889-3615E1CE66D5}.Debug|x64.ActiveCfg = Debug|x64
		{D112EA89-4813-4A02-8889-3615E1CE66D5}.Debug|x64.Build.0 = Debug|x64
		{D112EA89-4813-4A02-8889-3615E1CE66D5}.Debug|x86.ActiveCfg = Debug|Win32
		{D112EA89-4813-4A02-8889-3615E1CE66D5}.Debug|x86.Build.0 = Debug|Win32
		{D112EA89-4813-4A02-8889-3615E1CE66D5}.Release|x64.ActiveCfg = Release|x64
		{D112EA89-4813-4A02-8889-3615E1CE66D5}.Release|x64.Build.0 = Release|x64
		{D112EA89-4813-4A02-8889-3615E1CE66D5}.Release|x86.ActiveCfg = Release|Win32
		{D112EA89-4813-4A02-8889-3615E1CE66D5}.Release|x86.Build.0 = Release|Win32
		{C51E5AD5-023C-4883-BFC9-F628EF53EA5E}.Debug|x64.ActiveCfg = Debug|x64
		{C51E5AD5-023C-4883-BFC9-F628EF53EA5E}.Debug|x64.Build.0 = Debug|x64
		{C51E5AD5-023C-4883-BFC9-F628EF53EA5E}.Debug|x86.ActiveCfg = Debug|Win32
		{C51E5AD5-023C-4883-BFC9-F628EF53EA5E}.Debug|x86.Build.0 = Debug|Win32
		{C51E5AD5-023C-4883-BFC9-F628EF53EA5E}.Release|x64.ActiveCfg = Release|x64
		{C51E5AD5-023C-4883-BFC9-F628EF53EA5E}.Release|x64.Build.0 = Release|x64
		{C51E5AD5-023C-4883-BFC9-F628EF53EA5E}.Release|x86.ActiveCfg = Release|Win32
		{C51E5AD5-023C-4883-BFC9-F628EF53EA5E}.Release|x86.Build.0 = Release|Win32
		{280194E8-B6C6-4311-8643-A6E78A6841FF}.Debug|x64.ActiveCfg = Debug|x64
		{280194E8-B6C6-4311-8643-A6E78A6841FF}.Debug|x64.Build.0 = Debug|x64
		{280194E8-B6C6-4311-8643-A6E78A6841FF}.Debug|x86.ActiveCfg = Debug|Win32
		{280194E8-B6C6-4311-8643-A6E78A6841FF}.Debug|x86.Build.0 = Debug|Win32
		{280194E8-B6C6-4311-8643-A6E78A6841FF}.Release|x64.ActiveCfg = Release|x64
		{280194E8-B6C6-4311-8643-A6E78A6841FF}.Release|x64.Build.0 = Release|x64
		{280194E8-B6C6-4311-8643-A6E78A6841FF}.Release|x86.ActiveCfg = Release|Win32
		{280194E8-B6C6-4311-8643-A6E78A6841FF}.Release|x86.Build.0 = Release|Win32
		{B6BC2E74-63C4-4162-AFA8-E913EDC214BF}.Debug|x64.ActiveCfg = Debug|x64
		{B6BC2E74-63C4-4162-AFA8-E913EDC214BF}.Debug|x64.Build.0 = Debug|x64
		{B6BC2E74-63C4-4162-AFA8-E913EDC214BF}.Debug|x86.ActiveCfg = Debug|Win32
		{B6BC2E74-63C4-4162-AFA8-E913EDC214BF}.Debug|x86.Build.0 = Debug|Win32
		{B6BC2E74-63C4-4162-AFA8-E913EDC214BF}.Release|x64.ActiveCfg = Release|x64
		{B6BC2E74-63C4-4162-AFA8-E913EDC214BF}.Release|x64.Build.0 = Release|x64
		{B6BC2E74-63C4-4162-AFA8-E913EDC214BF}.Release|x86.ActiveCfg = Release|Win32
		{B6BC2E74-63C4-4162-AFA8-E913EDC214BF}.Release|x86.Build.0 = Release|Win32
		{B2E6DDF2-783A-4138-BFC4-094C8B258B2D}.Debug|x64.ActiveCfg = Debug|x64
		{B2E6DDF2-783A-4138-BFC4-094C8B258B2D}.Debug|x64.Build.0 = Debug|x64
		{B2E6DDF2-783A-4138-BFC4-094C8B258B2D}.Debug|x86.ActiveCfg = Debug|Win32
		{B2E6DDF2-783A-4138-BFC4-094C8B258B2D}.Debug|x86.Build.0 = Debug|Win32
		{B2E6DDF2-783A-4138-BFC4-094C8B258B2D}.Release|x64.ActiveCfg = Release|x64
		{B2E6DDF2-783A-4138-BFC4-094C8B258B2D}.Release|x64.Build.0 = Release|x64
		{B2E6DDF2-783A-4138-BFC4-094C8B258B2D}.Release|x86.ActiveCfg = Release|Win32
		{B2E6DDF2-783A-4138-BFC4-094C8B258B2D}.Release|x86.Build.0 = Release|Win32
		{347C3709-8BD5-4BCA-BB07-73BF700FCA4D}.Debug|x64.ActiveCfg = Debug|x64
		{347C3709-8BD5-4BCA-BB07-73BF700FCA4D}.Debug|x64.Build.0 = Debug|x64
		{347C3709-8BD5-4BCA-BB07-73BF700FCA4D}.Debug|x86.ActiveCfg = Debug|Win32
		{347C3709-8BD5-4BCA-BB07-73BF700FCA4D}.Debug|x86.Build.0 = Debug|Win32
		{347C3709-8BD5-4BCA-BB07-73BF700FCA4D}.Release|x64.ActiveCfg = Release|x64
		{347C3709-8BD5-4BCA-BB07-73BF700FCA4D}.Release|x64.Build.0 = Release|x64
		{347C3709-8BD5-4BCA-BB07-73BF700FCA4D}.Release|x86.ActiveCfg = Release|Win32
		{347C3709-8BD5-4BCA-BB07-73BF700FCA4D}.Release|x86.Build.0 = Release|Win32
		{53D862AB-1E40-4D8A-8C47-52C8BC67EE60}.Debug|x64.ActiveCfg = Debug|x64
		{53D862AB-1E40-4D8A-8C47-52C8BC67EE60}.Debug|x64.Build.0 = Debug|x64
		{53D862AB-1E40-4D8A-8C47-52C8BC67EE60}.Debug|x86.ActiveCfg = Debug|Win32
		{53D862AB-1E40-4D8A-8C47-52C8BC67EE60}.Debug|x86.Build.0 = Debug|Win32
		{53D862AB-1E40-4D8A-8C47-52C8BC67EE60}.Release|x64.ActiveCfg = Release|x64
		{53D862AB-1E40-4D8A-8C47-52C8BC67EE60}.Release|x64.Build.0 = Release|x64
		{53D862AB-1E40-4D8A-8C47-52C8BC67EE60}.Release|x86.ActiveCfg = Release|Win32
		{53D862AB-1E40-4D8A-8C47-52C8BC67EE60}.Release|x86.Build.0 = Release|Win32
		{DDD3C94A-0696-4326-BA97-ADB5C79FACCD}.Debug|x64.ActiveCfg = Debug|x64
		{DDD3C94A-0696-4326-BA97-ADB5C79FACCD}.Debug|x64.Build.0 = Debug|x64
		{DDD3C94A-0696-4326-BA97-ADB5C79FACCD}.Debug|x86.ActiveCfg = Debug|Win32
		{DDD3C94A-0696-4326-BA97-ADB5C79FACCD}.Debug|x86.Build.0 = Debug|Win32
		{DDD3C94A-0696-4326-BA97-ADB5C79FACCD}.Release|x64.ActiveCfg = Release|x64
		{DDD3C94A-0696-4326-BA97-ADB5C79FACCD}.Release|x64.Build.0 = Release|x64
		{DDD3C94A-0696-4326-BA97-ADB5C79FACCD}.Release|x86.ActiveCfg = Release|Win32
		{DDD3C94A-0696-4326-BA97-ADB5C79FACCD}.Release|x86.Build.0 = Release|Win32
		{22A20D6A-F0D3-41A6-A5EA-8ED2158FE7FB}.Debug|x64.ActiveCfg = Debug|x64
		{22A20D6A-F0D3-41A6-A5EA-8ED2158FE7FB}.Debug|x64.Build.0 = Debug|x64
		{22A20D6A-F0D3-41A6-A5EA-8ED2158FE7FB}.Debug|x86.ActiveCfg = Debug|Win32
		{22A20D6A-F0D3-41A6-A5EA-8ED2158FE7FB}.Debug|x86.Build.0 = Debug|Win32
		{22A20D6A-F0D3-41A6-A5EA-8ED2158FE7FB}.Release|x64.ActiveCfg = Release|x64
		{22A20D6A-F0D3-41A6-A5EA-8ED2158FE7FB}.Release|x64.Build.0 = Release|x64
		{22A20D6A-F0D3-41A6-A5EA-8ED2158FE7FB}.Release|x86.ActiveCfg = Release|Win32
		{22A20D6A-F0D3-41A6-A5EA-8ED2158FE7FB}.Release|x86.Build.0 = Release|Win32
		{E349AF65-76A9-44FA-AC2C-5284BEFAA17B}.Debug|x64.ActiveCfg = Debug|x64
		{E349AF65-76A9-44FA-AC2C-5284BEFAA17B}.Debug|x64.Build.0 = Debug|x64
		{E349AF65-76A9-44FA-AC2C-5284BEFAA17B}.Debug|x86.ActiveCfg = Debug|Win32
		{E349AF65-76A9-44FA-AC2C-5284BEFAA17B}.Debug|x86.Build.0 = Debug|Win32
		{E349AF65-76A9-44FA-AC2C-5284BEFAA17B}.Release|x64.ActiveCfg = Release|x64
		{E349AF65-76A9-44FA-AC2C-5284BEFAA17B}.Release|x64.Build.0 = Release|x64
		{E349AF65-76A9-44FA-AC2C-5284BEFAA17B}.Release|x86.ActiveCfg = Release|Win32
		{E349AF65-76A9-44FA-AC2C-5284BEFAA17B}.Release|x86.Build.0 = Release|Win32
		{BB8E9DCC-EABF-4FD0-AE7C-52F075645523}.Debug|x64.ActiveCfg = Debug|x64
		{BB8E9DCC-EABF-4FD0-AE7C-52F075645523}.Debug|x64.Build.0 = Debug|x64
		{BB8E9DCC-EABF-4FD0-AE7C-52F075645523}.Debug|x86.ActiveCfg = Debug|Win32
		{BB8E9DCC-EABF-4FD0-AE7C-52F075645523}.Debug|x86.Build.0 = Debug|Win32
		{BB8E9DCC-EABF-4FD0-AE7C-52F075645523}.Release|x64.ActiveCfg = Release|x64
		{BB8E9DCC-EABF-4FD0-AE7C-52F075645523}.Release|x64.Build.0 = Release|x64
		{BB8E9DCC-EABF-4FD0-AE7C-52F075645523}.Release|x86.ActiveCfg = Release|Win32
		{BB8E9DCC-EABF-4FD0-AE7C-52F075645523}.Release|x86.Build.0 = Release|Win32
	EndGlobalSection
	GlobalSection(SolutionProperties) = preSolution
		HideSolutionNode = FALSE
	EndGlobalSection
	GlobalSection(ExtensibilityGlobals) = postSolution
		SolutionGuid = {DA17135E-3A16-4B6D-A2D0-875911B8A33E}
	EndGlobalSection
EndGlobal
